
Microsoft Visual Studio Solution File, Format Version 12.00
# Visual Studio Version 17
VisualStudioVersion = 17.9.34616.47
MinimumVisualStudioVersion = 10.0.40219.1
Project("{FAE04EC0-301F-11D3-BF4B-00C04F79EFBC}") = "wFiguras1", "wFiguras1\wFiguras1.csproj", "{5433EF00-2751-41CD-B03F-94F7A84B8A57}"
EndProject
Global
	GlobalSection(SolutionConfigurationPlatforms) = preSolution
		Debug|Any CPU = Debug|Any CPU
		Release|Any CPU = Release|Any CPU
	EndGlobalSection
	GlobalSection(ProjectConfigurationPlatforms) = postSolution
		{5433EF00-2751-41CD-B03F-94F7A84B8A57}.Debug|Any CPU.ActiveCfg = Debug|Any CPU
		{5433EF00-2751-41CD-B03F-94F7A84B8A57}.Debug|Any CPU.Build.0 = Debug|Any CPU
		{5433EF00-2751-41CD-B03F-94F7A84B8A57}.Release|Any CPU.ActiveCfg = Release|Any CPU
		{5433EF00-2751-41CD-B03F-94F7A84B8A57}.Release|Any CPU.Build.0 = Release|Any CPU
	EndGlobalSection
	GlobalSection(SolutionProperties) = preSolution
		HideSolutionNode = FALSE
	EndGlobalSection
	GlobalSection(ExtensibilityGlobals) = postSolution
		SolutionGuid = {F5EEC324-10F6-46D1-A2C2-8A9F4A79F3DA}
	EndGlobalSection
EndGlobal
